
Microsoft Visual Studio Solution File, Format Version 12.00
# Visual Studio Version 17
VisualStudioVersion = 17.14.36717.8 d17.14
MinimumVisualStudioVersion = 10.0.40219.1
Project("{FAE04EC0-301F-11D3-BF4B-00C04F79EFBC}") = "task11_all_at_once", "task11_all_at_once.csproj", "{6E01A969-A0FE-427F-B7B2-E4DC42F008CB}"
EndProject
Global
	GlobalSection(SolutionConfigurationPlatforms) = preSolution
		Debug|Any CPU = Debug|Any CPU
		Release|Any CPU = Release|Any CPU
	EndGlobalSection
	GlobalSection(ProjectConfigurationPlatforms) = postSolution
		{6E01A969-A0FE-427F-B7B2-E4DC42F008CB}.Debug|Any CPU.ActiveCfg = Debug|Any CPU
		{6E01A969-A0FE-427F-B7B2-E4DC42F008CB}.Debug|Any CPU.Build.0 = Debug|Any CPU
		{6E01A969-A0FE-427F-B7B2-E4DC42F008CB}.Release|Any CPU.ActiveCfg = Release|Any CPU
		{6E01A969-A0FE-427F-B7B2-E4DC42F008CB}.Release|Any CPU.Build.0 = Release|Any CPU
	EndGlobalSection
	GlobalSection(SolutionProperties) = preSolution
		HideSolutionNode = FALSE
	EndGlobalSection
	GlobalSection(ExtensibilityGlobals) = postSolution
		SolutionGuid = {6EF0D6DC-AE70-4079-8544-19B7AEEBC923}
	EndGlobalSection
EndGlobal
