
Microsoft Visual Studio Solution File, Format Version 12.00
# Visual Studio Version 17
VisualStudioVersion = 17.8.34330.188
MinimumVisualStudioVersion = 10.0.40219.1
Project("{FAE04EC0-301F-11D3-BF4B-00C04F79EFBC}") = "DeliveryLibrary", "DeliveryLibrary\DeliveryLibrary.csproj", "{E3F4A5B6-C7D8-4901-EFAB-234567890123}"
EndProject
Project("{FAE04EC0-301F-11D3-BF4B-00C04F79EFBC}") = "DeliveryLibrary.UnitTests", "DeliveryLibrary.UnitTests\DeliveryLibrary.UnitTests.csproj", "{F4A5B6C7-D8E9-4012-FABC-345678901234}"
EndProject
Global
	GlobalSection(SolutionConfigurationPlatforms) = preSolution
		Debug|Any CPU = Debug|Any CPU
		Release|Any CPU = Release|Any CPU
	EndGlobalSection
	GlobalSection(ProjectConfigurationPlatforms) = postSolution
		{E3F4A5B6-C7D8-4901-EFAB-234567890123}.Debug|Any CPU.ActiveCfg = Debug|Any CPU
		{E3F4A5B6-C7D8-4901-EFAB-234567890123}.Debug|Any CPU.Build.0 = Debug|Any CPU
		{E3F4A5B6-C7D8-4901-EFAB-234567890123}.Release|Any CPU.ActiveCfg = Release|Any CPU
		{E3F4A5B6-C7D8-4901-EFAB-234567890123}.Release|Any CPU.Build.0 = Release|Any CPU
		{F4A5B6C7-D8E9-4012-FABC-345678901234}.Debug|Any CPU.ActiveCfg = Debug|Any CPU
		{F4A5B6C7-D8E9-4012-FABC-345678901234}.Debug|Any CPU.Build.0 = Debug|Any CPU
		{F4A5B6C7-D8E9-4012-FABC-345678901234}.Release|Any CPU.ActiveCfg = Release|Any CPU
		{F4A5B6C7-D8E9-4012-FABC-345678901234}.Release|Any CPU.Build.0 = Release|Any CPU
	EndGlobalSection
EndGlobal
