
Microsoft Visual Studio Solution File, Format Version 12.00
# Visual Studio Version 17
VisualStudioVersion = 17.14.36811.4 d17.14
MinimumVisualStudioVersion = 10.0.40219.1
Project("{FAE04EC0-301F-11D3-BF4B-00C04F79EFBC}") = "exam", "exam.csproj", "{365F8848-B369-47C6-8837-EC24E1F4359B}"
EndProject
Global
	GlobalSection(SolutionConfigurationPlatforms) = preSolution
		Debug|Any CPU = Debug|Any CPU
		Release|Any CPU = Release|Any CPU
	EndGlobalSection
	GlobalSection(ProjectConfigurationPlatforms) = postSolution
		{365F8848-B369-47C6-8837-EC24E1F4359B}.Debug|Any CPU.ActiveCfg = Debug|Any CPU
		{365F8848-B369-47C6-8837-EC24E1F4359B}.Debug|Any CPU.Build.0 = Debug|Any CPU
		{365F8848-B369-47C6-8837-EC24E1F4359B}.Release|Any CPU.ActiveCfg = Release|Any CPU
		{365F8848-B369-47C6-8837-EC24E1F4359B}.Release|Any CPU.Build.0 = Release|Any CPU
	EndGlobalSection
	GlobalSection(SolutionProperties) = preSolution
		HideSolutionNode = FALSE
	EndGlobalSection
	GlobalSection(ExtensibilityGlobals) = postSolution
		SolutionGuid = {E7163D8F-3192-41A6-AD3D-C4B462084901}
	EndGlobalSection
EndGlobal
