
Microsoft Visual Studio Solution File, Format Version 12.00
# Visual Studio Version 17
VisualStudioVersion = 17.14.36705.20 d17.14
MinimumVisualStudioVersion = 10.0.40219.1
Project("{FAE04EC0-301F-11D3-BF4B-00C04F79EFBC}") = "task10_04", "task10_04.csproj", "{B3C28E50-D2C4-4075-A2F3-BCA53F8FF4D7}"
EndProject
Global
	GlobalSection(SolutionConfigurationPlatforms) = preSolution
		Debug|Any CPU = Debug|Any CPU
		Release|Any CPU = Release|Any CPU
	EndGlobalSection
	GlobalSection(ProjectConfigurationPlatforms) = postSolution
		{B3C28E50-D2C4-4075-A2F3-BCA53F8FF4D7}.Debug|Any CPU.ActiveCfg = Debug|Any CPU
		{B3C28E50-D2C4-4075-A2F3-BCA53F8FF4D7}.Debug|Any CPU.Build.0 = Debug|Any CPU
		{B3C28E50-D2C4-4075-A2F3-BCA53F8FF4D7}.Release|Any CPU.ActiveCfg = Release|Any CPU
		{B3C28E50-D2C4-4075-A2F3-BCA53F8FF4D7}.Release|Any CPU.Build.0 = Release|Any CPU
	EndGlobalSection
	GlobalSection(SolutionProperties) = preSolution
		HideSolutionNode = FALSE
	EndGlobalSection
	GlobalSection(ExtensibilityGlobals) = postSolution
		SolutionGuid = {8FA9B6C0-E3FA-45B4-A9F5-E5DFD839EE18}
	EndGlobalSection
EndGlobal
