
Microsoft Visual Studio Solution File, Format Version 12.00
# Visual Studio Version 17
VisualStudioVersion = 17.14.36603.0 d17.14
MinimumVisualStudioVersion = 10.0.40219.1
Project("{FAE04EC0-301F-11D3-BF4B-00C04F79EFBC}") = "task08_1", "task08_1.csproj", "{812BC4F6-0319-4A11-9168-6364D0A4E60D}"
EndProject
Global
	GlobalSection(SolutionConfigurationPlatforms) = preSolution
		Debug|Any CPU = Debug|Any CPU
		Release|Any CPU = Release|Any CPU
	EndGlobalSection
	GlobalSection(ProjectConfigurationPlatforms) = postSolution
		{812BC4F6-0319-4A11-9168-6364D0A4E60D}.Debug|Any CPU.ActiveCfg = Debug|Any CPU
		{812BC4F6-0319-4A11-9168-6364D0A4E60D}.Debug|Any CPU.Build.0 = Debug|Any CPU
		{812BC4F6-0319-4A11-9168-6364D0A4E60D}.Release|Any CPU.ActiveCfg = Release|Any CPU
		{812BC4F6-0319-4A11-9168-6364D0A4E60D}.Release|Any CPU.Build.0 = Release|Any CPU
	EndGlobalSection
	GlobalSection(SolutionProperties) = preSolution
		HideSolutionNode = FALSE
	EndGlobalSection
	GlobalSection(ExtensibilityGlobals) = postSolution
		SolutionGuid = {5F18C5A3-3D0E-4717-AEF0-4FDE891A0A7B}
	EndGlobalSection
EndGlobal
