
Microsoft Visual Studio Solution File, Format Version 12.00
# Visual Studio Version 17
VisualStudioVersion = 17.14.36705.20 d17.14
MinimumVisualStudioVersion = 10.0.40219.1
Project("{FAE04EC0-301F-11D3-BF4B-00C04F79EFBC}") = "task10_03", "task10_03.csproj", "{2FA6F948-6F85-4E48-ACBB-6F698D9533FE}"
EndProject
Global
	GlobalSection(SolutionConfigurationPlatforms) = preSolution
		Debug|Any CPU = Debug|Any CPU
		Release|Any CPU = Release|Any CPU
	EndGlobalSection
	GlobalSection(ProjectConfigurationPlatforms) = postSolution
		{2FA6F948-6F85-4E48-ACBB-6F698D9533FE}.Debug|Any CPU.ActiveCfg = Debug|Any CPU
		{2FA6F948-6F85-4E48-ACBB-6F698D9533FE}.Debug|Any CPU.Build.0 = Debug|Any CPU
		{2FA6F948-6F85-4E48-ACBB-6F698D9533FE}.Release|Any CPU.ActiveCfg = Release|Any CPU
		{2FA6F948-6F85-4E48-ACBB-6F698D9533FE}.Release|Any CPU.Build.0 = Release|Any CPU
	EndGlobalSection
	GlobalSection(SolutionProperties) = preSolution
		HideSolutionNode = FALSE
	EndGlobalSection
	GlobalSection(ExtensibilityGlobals) = postSolution
		SolutionGuid = {1F89B7D9-F800-4C18-87E0-3A4E132DBE18}
	EndGlobalSection
EndGlobal
