
Microsoft Visual Studio Solution File, Format Version 12.00
# Visual Studio Version 17
VisualStudioVersion = 17.14.36518.9 d17.14
MinimumVisualStudioVersion = 10.0.40219.1
Project("{FAE04EC0-301F-11D3-BF4B-00C04F79EFBC}") = "task05", "task05.csproj", "{93AB452D-8485-4BED-AA47-4763C2FA69B8}"
EndProject
Global
	GlobalSection(SolutionConfigurationPlatforms) = preSolution
		Debug|Any CPU = Debug|Any CPU
		Release|Any CPU = Release|Any CPU
	EndGlobalSection
	GlobalSection(ProjectConfigurationPlatforms) = postSolution
		{93AB452D-8485-4BED-AA47-4763C2FA69B8}.Debug|Any CPU.ActiveCfg = Debug|Any CPU
		{93AB452D-8485-4BED-AA47-4763C2FA69B8}.Debug|Any CPU.Build.0 = Debug|Any CPU
		{93AB452D-8485-4BED-AA47-4763C2FA69B8}.Release|Any CPU.ActiveCfg = Release|Any CPU
		{93AB452D-8485-4BED-AA47-4763C2FA69B8}.Release|Any CPU.Build.0 = Release|Any CPU
	EndGlobalSection
	GlobalSection(SolutionProperties) = preSolution
		HideSolutionNode = FALSE
	EndGlobalSection
	GlobalSection(ExtensibilityGlobals) = postSolution
		SolutionGuid = {3A0570E9-C8FE-4D1D-852A-F5A6448E9859}
	EndGlobalSection
EndGlobal
